
Microsoft Visual Studio Solution File, Format Version 12.00
# Visual Studio Version 17
VisualStudioVersion = 17.1.32228.430
MinimumVisualStudioVersion = 10.0.40219.1
Project("{9A19103F-16F7-4668-BE54-9A1E7A4F7556}") = "ProjectWardle", "ProjectWardle\ProjectWardle.csproj", "{4451EE6C-EC95-462B-8107-369F7D85391B}"
EndProject
Project("{9A19103F-16F7-4668-BE54-9A1E7A4F7556}") = "LegendaryExplorerCore", "submodules\LegendaryExplorer\LegendaryExplorer\LegendaryExplorerCore\LegendaryExplorerCore.csproj", "{FEBF3529-FAB5-423A-9D3A-D34BA7D8E122}"
EndProject
Global
	GlobalSection(SolutionConfigurationPlatforms) = preSolution
		Debug|Any CPU = Debug|Any CPU
		Debug|x64 = Debug|x64
		LinuxDebug|Any CPU = LinuxDebug|Any CPU
		LinuxDebug|x64 = LinuxDebug|x64
		LinuxRelease|Any CPU = LinuxRelease|Any CPU
		LinuxRelease|x64 = LinuxRelease|x64
		MacDebug|Any CPU = MacDebug|Any CPU
		MacDebug|x64 = MacDebug|x64
		MacRelease|Any CPU = MacRelease|Any CPU
		MacRelease|x64 = MacRelease|x64
		Release|Any CPU = Release|Any CPU
		Release|x64 = Release|x64
		WinAzureRelease|Any CPU = WinAzureRelease|Any CPU
		WinAzureRelease|x64 = WinAzureRelease|x64
		WinAzureTest|Any CPU = WinAzureTest|Any CPU
		WinAzureTest|x64 = WinAzureTest|x64
		WinDebug|Any CPU = WinDebug|Any CPU
		WinDebug|x64 = WinDebug|x64
		WinRelease|Any CPU = WinRelease|Any CPU
		WinRelease|x64 = WinRelease|x64
		WPFDebug|Any CPU = WPFDebug|Any CPU
		WPFDebug|x64 = WPFDebug|x64
		WPFRelease|Any CPU = WPFRelease|Any CPU
		WPFRelease|x64 = WPFRelease|x64
	EndGlobalSection
	GlobalSection(ProjectConfigurationPlatforms) = postSolution
		{4451EE6C-EC95-462B-8107-369F7D85391B}.Debug|Any CPU.ActiveCfg = Debug|Any CPU
		{4451EE6C-EC95-462B-8107-369F7D85391B}.Debug|Any CPU.Build.0 = Debug|Any CPU
		{4451EE6C-EC95-462B-8107-369F7D85391B}.Debug|x64.ActiveCfg = Debug|Any CPU
		{4451EE6C-EC95-462B-8107-369F7D85391B}.Debug|x64.Build.0 = Debug|Any CPU
		{4451EE6C-EC95-462B-8107-369F7D85391B}.LinuxDebug|Any CPU.ActiveCfg = Debug|Any CPU
		{4451EE6C-EC95-462B-8107-369F7D85391B}.LinuxDebug|Any CPU.Build.0 = Debug|Any CPU
		{4451EE6C-EC95-462B-8107-369F7D85391B}.LinuxDebug|x64.ActiveCfg = Debug|Any CPU
		{4451EE6C-EC95-462B-8107-369F7D85391B}.LinuxDebug|x64.Build.0 = Debug|Any CPU
		{4451EE6C-EC95-462B-8107-369F7D85391B}.LinuxRelease|Any CPU.ActiveCfg = Release|Any CPU
		{4451EE6C-EC95-462B-8107-369F7D85391B}.LinuxRelease|Any CPU.Build.0 = Release|Any CPU
		{4451EE6C-EC95-462B-8107-369F7D85391B}.LinuxRelease|x64.ActiveCfg = Release|Any CPU
		{4451EE6C-EC95-462B-8107-369F7D85391B}.LinuxRelease|x64.Build.0 = Release|Any CPU
		{4451EE6C-EC95-462B-8107-369F7D85391B}.MacDebug|Any CPU.ActiveCfg = Debug|Any CPU
		{4451EE6C-EC95-462B-8107-369F7D85391B}.MacDebug|Any CPU.Build.0 = Debug|Any CPU
		{4451EE6C-EC95-462B-8107-369F7D85391B}.MacDebug|x64.ActiveCfg = Debug|Any CPU
		{4451EE6C-EC95-462B-8107-369F7D85391B}.MacDebug|x64.Build.0 = Debug|Any CPU
		{4451EE6C-EC95-462B-8107-369F7D85391B}.MacRelease|Any CPU.ActiveCfg = Release|Any CPU
		{4451EE6C-EC95-462B-8107-369F7D85391B}.MacRelease|Any CPU.Build.0 = Release|Any CPU
		{4451EE6C-EC95-462B-8107-369F7D85391B}.MacRelease|x64.ActiveCfg = Release|Any CPU
		{4451EE6C-EC95-462B-8107-369F7D85391B}.MacRelease|x64.Build.0 = Release|Any CPU
		{4451EE6C-EC95-462B-8107-369F7D85391B}.Release|Any CPU.ActiveCfg = Release|Any CPU
		{4451EE6C-EC95-462B-8107-369F7D85391B}.Release|Any CPU.Build.0 = Release|Any CPU
		{4451EE6C-EC95-462B-8107-369F7D85391B}.Release|x64.ActiveCfg = Release|Any CPU
		{4451EE6C-EC95-462B-8107-369F7D85391B}.Release|x64.Build.0 = Release|Any CPU
		{4451EE6C-EC95-462B-8107-369F7D85391B}.WinAzureRelease|Any CPU.ActiveCfg = Release|Any CPU
		{4451EE6C-EC95-462B-8107-369F7D85391B}.WinAzureRelease|Any CPU.Build.0 = Release|Any CPU
		{4451EE6C-EC95-462B-8107-369F7D85391B}.WinAzureRelease|x64.ActiveCfg = Release|Any CPU
		{4451EE6C-EC95-462B-8107-369F7D85391B}.WinAzureRelease|x64.Build.0 = Release|Any CPU
		{4451EE6C-EC95-462B-8107-369F7D85391B}.WinAzureTest|Any CPU.ActiveCfg = Debug|Any CPU
		{4451EE6C-EC95-462B-8107-369F7D85391B}.WinAzureTest|Any CPU.Build.0 = Debug|Any CPU
		{4451EE6C-EC95-462B-8107-369F7D85391B}.WinAzureTest|x64.ActiveCfg = Debug|Any CPU
		{4451EE6C-EC95-462B-8107-369F7D85391B}.WinAzureTest|x64.Build.0 = Debug|Any CPU
		{4451EE6C-EC95-462B-8107-369F7D85391B}.WinDebug|Any CPU.ActiveCfg = Debug|Any CPU
		{4451EE6C-EC95-462B-8107-369F7D85391B}.WinDebug|Any CPU.Build.0 = Debug|Any CPU
		{4451EE6C-EC95-462B-8107-369F7D85391B}.WinDebug|x64.ActiveCfg = Debug|Any CPU
		{4451EE6C-EC95-462B-8107-369F7D85391B}.WinDebug|x64.Build.0 = Debug|Any CPU
		{4451EE6C-EC95-462B-8107-369F7D85391B}.WinRelease|Any CPU.ActiveCfg = Release|Any CPU
		{4451EE6C-EC95-462B-8107-369F7D85391B}.WinRelease|Any CPU.Build.0 = Release|Any CPU
		{4451EE6C-EC95-462B-8107-369F7D85391B}.WinRelease|x64.ActiveCfg = Release|Any CPU
		{4451EE6C-EC95-462B-8107-369F7D85391B}.WinRelease|x64.Build.0 = Release|Any CPU
		{4451EE6C-EC95-462B-8107-369F7D85391B}.WPFDebug|Any CPU.ActiveCfg = Debug|Any CPU
		{4451EE6C-EC95-462B-8107-369F7D85391B}.WPFDebug|Any CPU.Build.0 = Debug|Any CPU
		{4451EE6C-EC95-462B-8107-369F7D85391B}.WPFDebug|x64.ActiveCfg = Debug|Any CPU
		{4451EE6C-EC95-462B-8107-369F7D85391B}.WPFDebug|x64.Build.0 = Debug|Any CPU
		{4451EE6C-EC95-462B-8107-369F7D85391B}.WPFRelease|Any CPU.ActiveCfg = Release|Any CPU
		{4451EE6C-EC95-462B-8107-369F7D85391B}.WPFRelease|Any CPU.Build.0 = Release|Any CPU
		{4451EE6C-EC95-462B-8107-369F7D85391B}.WPFRelease|x64.ActiveCfg = Release|Any CPU
		{4451EE6C-EC95-462B-8107-369F7D85391B}.WPFRelease|x64.Build.0 = Release|Any CPU
		{FEBF3529-FAB5-423A-9D3A-D34BA7D8E122}.Debug|Any CPU.ActiveCfg = WinDebug|x64
		{FEBF3529-FAB5-423A-9D3A-D34BA7D8E122}.Debug|Any CPU.Build.0 = WinDebug|x64
		{FEBF3529-FAB5-423A-9D3A-D34BA7D8E122}.Debug|x64.ActiveCfg = WinDebug|x64
		{FEBF3529-FAB5-423A-9D3A-D34BA7D8E122}.Debug|x64.Build.0 = WinDebug|x64
		{FEBF3529-FAB5-423A-9D3A-D34BA7D8E122}.LinuxDebug|Any CPU.ActiveCfg = LinuxDebug|x64
		{FEBF3529-FAB5-423A-9D3A-D34BA7D8E122}.LinuxDebug|Any CPU.Build.0 = LinuxDebug|x64
		{FEBF3529-FAB5-423A-9D3A-D34BA7D8E122}.LinuxDebug|x64.ActiveCfg = LinuxDebug|x64
		{FEBF3529-FAB5-423A-9D3A-D34BA7D8E122}.LinuxDebug|x64.Build.0 = LinuxDebug|x64
		{FEBF3529-FAB5-423A-9D3A-D34BA7D8E122}.LinuxRelease|Any CPU.ActiveCfg = LinuxRelease|x64
		{FEBF3529-FAB5-423A-9D3A-D34BA7D8E122}.LinuxRelease|Any CPU.Build.0 = LinuxRelease|x64
		{FEBF3529-FAB5-423A-9D3A-D34BA7D8E122}.LinuxRelease|x64.ActiveCfg = LinuxRelease|x64
		{FEBF3529-FAB5-423A-9D3A-D34BA7D8E122}.LinuxRelease|x64.Build.0 = LinuxRelease|x64
		{FEBF3529-FAB5-423A-9D3A-D34BA7D8E122}.MacDebug|Any CPU.ActiveCfg = MacDebug|x64
		{FEBF3529-FAB5-423A-9D3A-D34BA7D8E122}.MacDebug|Any CPU.Build.0 = MacDebug|x64
		{FEBF3529-FAB5-423A-9D3A-D34BA7D8E122}.MacDebug|x64.ActiveCfg = MacDebug|x64
		{FEBF3529-FAB5-423A-9D3A-D34BA7D8E122}.MacDebug|x64.Build.0 = MacDebug|x64
		{FEBF3529-FAB5-423A-9D3A-D34BA7D8E122}.MacRelease|Any CPU.ActiveCfg = MacRelease|x64
		{FEBF3529-FAB5-423A-9D3A-D34BA7D8E122}.MacRelease|Any CPU.Build.0 = MacRelease|x64
		{FEBF3529-FAB5-423A-9D3A-D34BA7D8E122}.MacRelease|x64.ActiveCfg = MacRelease|x64
		{FEBF3529-FAB5-423A-9D3A-D34BA7D8E122}.MacRelease|x64.Build.0 = MacRelease|x64
		{FEBF3529-FAB5-423A-9D3A-D34BA7D8E122}.Release|Any CPU.ActiveCfg = WinRelease|x64
		{FEBF3529-FAB5-423A-9D3A-D34BA7D8E122}.Release|Any CPU.Build.0 = WinRelease|x64
		{FEBF3529-FAB5-423A-9D3A-D34BA7D8E122}.Release|x64.ActiveCfg = WinRelease|x64
		{FEBF3529-FAB5-423A-9D3A-D34BA7D8E122}.Release|x64.Build.0 = WinRelease|x64
		{FEBF3529-FAB5-423A-9D3A-D34BA7D8E122}.WinAzureRelease|Any CPU.ActiveCfg = WinAzureRelease|x64
		{FEBF3529-FAB5-423A-9D3A-D34BA7D8E122}.WinAzureRelease|Any CPU.Build.0 = WinAzureRelease|x64
		{FEBF3529-FAB5-423A-9D3A-D34BA7D8E122}.WinAzureRelease|x64.ActiveCfg = WinAzureRelease|x64
		{FEBF3529-FAB5-423A-9D3A-D34BA7D8E122}.WinAzureRelease|x64.Build.0 = WinAzureRelease|x64
		{FEBF3529-FAB5-423A-9D3A-D34BA7D8E122}.WinAzureTest|Any CPU.ActiveCfg = WinAzureTest|x64
		{FEBF3529-FAB5-423A-9D3A-D34BA7D8E122}.WinAzureTest|Any CPU.Build.0 = WinAzureTest|x64
		{FEBF3529-FAB5-423A-9D3A-D34BA7D8E122}.WinAzureTest|x64.ActiveCfg = WinAzureTest|x64
		{FEBF3529-FAB5-423A-9D3A-D34BA7D8E122}.WinAzureTest|x64.Build.0 = WinAzureTest|x64
		{FEBF3529-FAB5-423A-9D3A-D34BA7D8E122}.WinDebug|Any CPU.ActiveCfg = WinDebug|x64
		{FEBF3529-FAB5-423A-9D3A-D34BA7D8E122}.WinDebug|Any CPU.Build.0 = WinDebug|x64
		{FEBF3529-FAB5-423A-9D3A-D34BA7D8E122}.WinDebug|x64.ActiveCfg = WinDebug|x64
		{FEBF3529-FAB5-423A-9D3A-D34BA7D8E122}.WinDebug|x64.Build.0 = WinDebug|x64
		{FEBF3529-FAB5-423A-9D3A-D34BA7D8E122}.WinRelease|Any CPU.ActiveCfg = WinRelease|x64
		{FEBF3529-FAB5-423A-9D3A-D34BA7D8E122}.WinRelease|Any CPU.Build.0 = WinRelease|x64
		{FEBF3529-FAB5-423A-9D3A-D34BA7D8E122}.WinRelease|x64.ActiveCfg = WinRelease|x64
		{FEBF3529-FAB5-423A-9D3A-D34BA7D8E122}.WinRelease|x64.Build.0 = WinRelease|x64
		{FEBF3529-FAB5-423A-9D3A-D34BA7D8E122}.WPFDebug|Any CPU.ActiveCfg = WPFDebug|x64
		{FEBF3529-FAB5-423A-9D3A-D34BA7D8E122}.WPFDebug|Any CPU.Build.0 = WPFDebug|x64
		{FEBF3529-FAB5-423A-9D3A-D34BA7D8E122}.WPFDebug|x64.ActiveCfg = WPFDebug|x64
		{FEBF3529-FAB5-423A-9D3A-D34BA7D8E122}.WPFDebug|x64.Build.0 = WPFDebug|x64
		{FEBF3529-FAB5-423A-9D3A-D34BA7D8E122}.WPFRelease|Any CPU.ActiveCfg = WPFRelease|x64
		{FEBF3529-FAB5-423A-9D3A-D34BA7D8E122}.WPFRelease|Any CPU.Build.0 = WPFRelease|x64
		{FEBF3529-FAB5-423A-9D3A-D34BA7D8E122}.WPFRelease|x64.ActiveCfg = WPFRelease|x64
		{FEBF3529-FAB5-423A-9D3A-D34BA7D8E122}.WPFRelease|x64.Build.0 = WPFRelease|x64
	EndGlobalSection
	GlobalSection(SolutionProperties) = preSolution
		HideSolutionNode = FALSE
	EndGlobalSection
	GlobalSection(ExtensibilityGlobals) = postSolution
		SolutionGuid = {BD97350A-9FD4-484B-9B5D-22DA7C7573CB}
	EndGlobalSection
EndGlobal
